{
  "requires": true,
  "lockfileVersion": 1,
  "dependencies": {
    "angular-ui-bootstrap": {
      "version": "2.5.6",
      "resolved": "https://registry.npmjs.org/angular-ui-bootstrap/-/angular-ui-bootstrap-2.5.6.tgz",
      "integrity": "sha512-yzcHpPMLQl0232nDzm5P4iAFTFQ9dMw0QgFLuKYbDj9M0xJ62z0oudYD/Lvh1pWfRsukiytP4Xj6BHOSrSXP8A=="
    },
    "git": {
      "version": "0.1.5",
      "resolved": "https://registry.npmjs.org/git/-/git-0.1.5.tgz",
      "integrity": "sha1-nvYt+T+FHCdUIUO/UtHGixAXyhU=",
      "requires": {
        "mime": "1.2.9"
      }
    },
    "mime": {
      "version": "1.2.9",
      "resolved": "https://registry.npmjs.org/mime/-/mime-1.2.9.tgz",
      "integrity": "sha1-AJzUCGe9Nd5SGzuWbwTi+NTRPQk="
    }
  }
}
